
Microsoft Visual Studio Solution File, Format Version 12.00
# Visual Studio 14
VisualStudioVersion = 14.0.24720.0
MinimumVisualStudioVersion = 10.0.40219.1
Project("{2150E333-8FDC-42A3-9474-1A3956D46DE8}") = "Core", "Core", "{40B9835C-AD49-4E32-A3F0-CC0DDAF78F94}"
EndProject
Project("{2150E333-8FDC-42A3-9474-1A3956D46DE8}") = "Common", "Common", "{12B3739E-E60D-46DA-B005-7A957F0BB295}"
EndProject
Project("{2150E333-8FDC-42A3-9474-1A3956D46DE8}") = "TestBed", "TestBed", "{6BC02349-B65B-4322-88EA-0315BB1D58D5}"
EndProject
Project("{2150E333-8FDC-42A3-9474-1A3956D46DE8}") = "ProtocolSystem", "ProtocolSystem", "{6EC6632A-D9C4-4C92-83A3-94469C9F74C9}"
EndProject
Project("{2150E333-8FDC-42A3-9474-1A3956D46DE8}") = "VendorProtocols", "VendorProtocols", "{F4DFCE5D-769A-432F-8563-C293B04753B8}"
EndProject
Project("{2150E333-8FDC-42A3-9474-1A3956D46DE8}") = "GUI", "GUI", "{D3377699-DBB3-42BE-A5C9-8636F2ED9E6E}"
EndProject
Project("{2150E333-8FDC-42A3-9474-1A3956D46DE8}") = "StorageSystem", "StorageSystem", "{38DE785C-5D84-421B-9E47-9EA97D556BC6}"
EndProject
Project("{2150E333-8FDC-42A3-9474-1A3956D46DE8}") = "DatabaseInterfaces", "DatabaseInterfaces", "{422CA033-686C-4F3E-9FF3-F9E4E6D33A84}"
EndProject
Project("{2150E333-8FDC-42A3-9474-1A3956D46DE8}") = "Services", "Services", "{57DED155-B44D-4DAC-8F7D-1026E5F8E665}"
EndProject
Project("{FAE04EC0-301F-11D3-BF4B-00C04F79EFBC}") = "beRemote.Core.Common.LogSystem", "Core\Common\beRemote.Core.Common.LogSystem\beRemote.Core.Common.LogSystem.csproj", "{F02B9770-9B63-4544-AA6F-0B21DFA6222D}"
EndProject
Project("{FAE04EC0-301F-11D3-BF4B-00C04F79EFBC}") = "beRemote.Core.ProtocolSystem.ProtocolBase", "Core\ProtocolSystem\beRemote.Core.ProtocolSystem.ProtocolBase\beRemote.Core.ProtocolSystem.ProtocolBase.csproj", "{C4771F31-E3F2-4B8D-8FF0-B19532107052}"
	ProjectSection(ProjectDependencies) = postProject
		{BA0CFA0E-D72A-4422-93AB-14582A482355} = {BA0CFA0E-D72A-4422-93AB-14582A482355}
		{831B8F1A-7618-4E03-BC7D-9AC4A5BA56D2} = {831B8F1A-7618-4E03-BC7D-9AC4A5BA56D2}
		{F02B9770-9B63-4544-AA6F-0B21DFA6222D} = {F02B9770-9B63-4544-AA6F-0B21DFA6222D}
		{7144B6A8-38C2-4B6D-8D0C-10A44F7D959F} = {7144B6A8-38C2-4B6D-8D0C-10A44F7D959F}
		{9E02B3C0-B0A2-4A92-A68D-313A71BA3F16} = {9E02B3C0-B0A2-4A92-A68D-313A71BA3F16}
		{4E8175CA-A4FD-4E08-A6AE-12B40EBDCD2E} = {4E8175CA-A4FD-4E08-A6AE-12B40EBDCD2E}
	EndProjectSection
EndProject
Project("{FAE04EC0-301F-11D3-BF4B-00C04F79EFBC}") = "beRemote.Core.Common.SimpleSettings", "Core\Common\beRemote.Core.Common.SimpleSettings\beRemote.Core.Common.SimpleSettings.csproj", "{4E8175CA-A4FD-4E08-A6AE-12B40EBDCD2E}"
EndProject
Project("{FAE04EC0-301F-11D3-BF4B-00C04F79EFBC}") = "beRemote.Core.StorageSystem.StorageBase", "Core\StorageSystem\beRemote.Core.StorageSystem\beRemote.Core.StorageSystem\beRemote.Core.StorageSystem.StorageBase.csproj", "{831B8F1A-7618-4E03-BC7D-9AC4A5BA56D2}"
	ProjectSection(ProjectDependencies) = postProject
		{F02B9770-9B63-4544-AA6F-0B21DFA6222D} = {F02B9770-9B63-4544-AA6F-0B21DFA6222D}
		{7144B6A8-38C2-4B6D-8D0C-10A44F7D959F} = {7144B6A8-38C2-4B6D-8D0C-10A44F7D959F}
		{9E02B3C0-B0A2-4A92-A68D-313A71BA3F16} = {9E02B3C0-B0A2-4A92-A68D-313A71BA3F16}
		{4E8175CA-A4FD-4E08-A6AE-12B40EBDCD2E} = {4E8175CA-A4FD-4E08-A6AE-12B40EBDCD2E}
	EndProjectSection
EndProject
Project("{FAE04EC0-301F-11D3-BF4B-00C04F79EFBC}") = "beRemote.Core.StorageSystem.SqLite", "Core\StorageSystem\DatabaseInterfaces\beRemote.Core.StorageSystem.SqLite\beRemote.Core.StorageSystem.SqLite.csproj", "{FA0D7C2B-6246-4F78-8ECE-5506AC5A0FC4}"
	ProjectSection(ProjectDependencies) = postProject
		{831B8F1A-7618-4E03-BC7D-9AC4A5BA56D2} = {831B8F1A-7618-4E03-BC7D-9AC4A5BA56D2}
		{F02B9770-9B63-4544-AA6F-0B21DFA6222D} = {F02B9770-9B63-4544-AA6F-0B21DFA6222D}
		{7144B6A8-38C2-4B6D-8D0C-10A44F7D959F} = {7144B6A8-38C2-4B6D-8D0C-10A44F7D959F}
		{4E8175CA-A4FD-4E08-A6AE-12B40EBDCD2E} = {4E8175CA-A4FD-4E08-A6AE-12B40EBDCD2E}
	EndProjectSection
EndProject
Project("{FAE04EC0-301F-11D3-BF4B-00C04F79EFBC}") = "beRemote.VendorProtocols.RDP", "Core\ProtocolSystem\VendorProtocols\beRemote.VendorProtocols.RDP\beRemote.VendorProtocols.RDP.csproj", "{1CD0918E-960D-45C9-9CAD-071D852C79ED}"
	ProjectSection(ProjectDependencies) = postProject
		{C4771F31-E3F2-4B8D-8FF0-B19532107052} = {C4771F31-E3F2-4B8D-8FF0-B19532107052}
		{9E02B3C0-B0A2-4A92-A68D-313A71BA3F16} = {9E02B3C0-B0A2-4A92-A68D-313A71BA3F16}
	EndProjectSection
EndProject
Project("{FAE04EC0-301F-11D3-BF4B-00C04F79EFBC}") = "beRemote.Core.Common.Helper", "Core\Common\beRemote.Core.Common.Helper\beRemote.Core.Common.Helper.csproj", "{7144B6A8-38C2-4B6D-8D0C-10A44F7D959F}"
	ProjectSection(ProjectDependencies) = postProject
		{F02B9770-9B63-4544-AA6F-0B21DFA6222D} = {F02B9770-9B63-4544-AA6F-0B21DFA6222D}
	EndProjectSection
EndProject
Project("{FAE04EC0-301F-11D3-BF4B-00C04F79EFBC}") = "beRemote.Core.Kernel", "Core\beRemote.Core.Kernel\beRemote.Core.Kernel.csproj", "{F778BF03-DD4D-4DD2-93B5-34AA94449151}"
	ProjectSection(ProjectDependencies) = postProject
		{831B8F1A-7618-4E03-BC7D-9AC4A5BA56D2} = {831B8F1A-7618-4E03-BC7D-9AC4A5BA56D2}
		{C4771F31-E3F2-4B8D-8FF0-B19532107052} = {C4771F31-E3F2-4B8D-8FF0-B19532107052}
		{F02B9770-9B63-4544-AA6F-0B21DFA6222D} = {F02B9770-9B63-4544-AA6F-0B21DFA6222D}
		{7144B6A8-38C2-4B6D-8D0C-10A44F7D959F} = {7144B6A8-38C2-4B6D-8D0C-10A44F7D959F}
		{9E02B3C0-B0A2-4A92-A68D-313A71BA3F16} = {9E02B3C0-B0A2-4A92-A68D-313A71BA3F16}
		{4E8175CA-A4FD-4E08-A6AE-12B40EBDCD2E} = {4E8175CA-A4FD-4E08-A6AE-12B40EBDCD2E}
	EndProjectSection
EndProject
Project("{FAE04EC0-301F-11D3-BF4B-00C04F79EFBC}") = "beRemote.GUI.Controls", "GUI\beRemote.GUI.Controls\beRemote.GUI.Controls.csproj", "{918A9EFC-3656-4AAB-8F5C-5C4A0B5CA95C}"
	ProjectSection(ProjectDependencies) = postProject
		{F778BF03-DD4D-4DD2-93B5-34AA94449151} = {F778BF03-DD4D-4DD2-93B5-34AA94449151}
		{BA0CFA0E-D72A-4422-93AB-14582A482355} = {BA0CFA0E-D72A-4422-93AB-14582A482355}
		{831B8F1A-7618-4E03-BC7D-9AC4A5BA56D2} = {831B8F1A-7618-4E03-BC7D-9AC4A5BA56D2}
		{C4771F31-E3F2-4B8D-8FF0-B19532107052} = {C4771F31-E3F2-4B8D-8FF0-B19532107052}
		{F02B9770-9B63-4544-AA6F-0B21DFA6222D} = {F02B9770-9B63-4544-AA6F-0B21DFA6222D}
		{74BA6693-5818-4FE5-88FB-21367F5FF8FB} = {74BA6693-5818-4FE5-88FB-21367F5FF8FB}
		{7144B6A8-38C2-4B6D-8D0C-10A44F7D959F} = {7144B6A8-38C2-4B6D-8D0C-10A44F7D959F}
		{9E02B3C0-B0A2-4A92-A68D-313A71BA3F16} = {9E02B3C0-B0A2-4A92-A68D-313A71BA3F16}
	EndProjectSection
EndProject
Project("{FAE04EC0-301F-11D3-BF4B-00C04F79EFBC}") = "beRemote.Core.Common.EventSystem", "Core\Common\beRemote.Core.Common.EventSystem\beRemote.Core.Common.EventSystem\beRemote.Core.Common.EventSystem.csproj", "{BA0CFA0E-D72A-4422-93AB-14582A482355}"
EndProject
Project("{2150E333-8FDC-42A3-9474-1A3956D46DE8}") = "Exceptions", "Exceptions", "{787DC8DC-68EA-435D-BF56-AD92D7A89FF7}"
EndProject
Project("{FAE04EC0-301F-11D3-BF4B-00C04F79EFBC}") = "beRemote.Core.Exceptions", "Core\Exceptions\beRemote.Core.Exceptions\beRemote.Core.Exceptions.csproj", "{3583D7B3-38B5-4D1D-8A2D-69B201B98311}"
EndProject
Project("{FAE04EC0-301F-11D3-BF4B-00C04F79EFBC}") = "beRemote.GUI.Notification", "GUI\beRemote.GUI.Notification\beRemote.GUI.Notification.csproj", "{0CCAC82B-29F5-4EF7-A1E9-54D782EEB6D3}"
EndProject
Project("{2150E333-8FDC-42A3-9474-1A3956D46DE8}") = "MEF", "MEF", "{6EBF5302-4401-431D-A153-3F5606813C05}"
EndProject
Project("{FAE04EC0-301F-11D3-BF4B-00C04F79EFBC}") = "beRemote.MEF", "Core\MEF\beRemote.MEF\beRemote.MEF.csproj", "{9091677B-AD62-4B0C-A248-66C0EA4E8684}"
EndProject
Project("{FAE04EC0-301F-11D3-BF4B-00C04F79EFBC}") = "beRemote.VendorProtocols.Sample", "Core\ProtocolSystem\VendorProtocols\beRemote.VendorProtocols.Sample\beRemote.VendorProtocols.Sample\beRemote.VendorProtocols.Sample.csproj", "{7BF4496C-BE30-492D-A2A3-E85B326233B6}"
	ProjectSection(ProjectDependencies) = postProject
		{9E02B3C0-B0A2-4A92-A68D-313A71BA3F16} = {9E02B3C0-B0A2-4A92-A68D-313A71BA3F16}
	EndProjectSection
EndProject
Project("{FAE04EC0-301F-11D3-BF4B-00C04F79EFBC}") = "beRemote.GUI.Plugins", "GUI\beRemote.GUI.Plugins\beRemote.GUI.Plugins.csproj", "{46568E82-D11E-484C-9C4E-6DB7C489E1D4}"
	ProjectSection(ProjectDependencies) = postProject
		{F02B9770-9B63-4544-AA6F-0B21DFA6222D} = {F02B9770-9B63-4544-AA6F-0B21DFA6222D}
	EndProjectSection
EndProject
Project("{FAE04EC0-301F-11D3-BF4B-00C04F79EFBC}") = "beRemote.VendorProtocols.Chromium", "Core\ProtocolSystem\VendorProtocols\beRemote.VendorProtocols.Chromium\beRemote.VendorProtocols.Chromium.csproj", "{86D15335-3799-4D8E-8ACA-0484D5187B58}"
	ProjectSection(ProjectDependencies) = postProject
		{C4771F31-E3F2-4B8D-8FF0-B19532107052} = {C4771F31-E3F2-4B8D-8FF0-B19532107052}
		{F02B9770-9B63-4544-AA6F-0B21DFA6222D} = {F02B9770-9B63-4544-AA6F-0B21DFA6222D}
		{7144B6A8-38C2-4B6D-8D0C-10A44F7D959F} = {7144B6A8-38C2-4B6D-8D0C-10A44F7D959F}
		{3583D7B3-38B5-4D1D-8A2D-69B201B98311} = {3583D7B3-38B5-4D1D-8A2D-69B201B98311}
		{9E02B3C0-B0A2-4A92-A68D-313A71BA3F16} = {9E02B3C0-B0A2-4A92-A68D-313A71BA3F16}
	EndProjectSection
EndProject
Project("{FAE04EC0-301F-11D3-BF4B-00C04F79EFBC}") = "beRemote.VendorProtocols.IETrident", "Core\ProtocolSystem\VendorProtocols\beRemote.VendorProtocols.IETrident\beRemote.VendorProtocols.IETrident.csproj", "{EB6B22D1-FB97-42D1-81D3-906FC3F96E4A}"
	ProjectSection(ProjectDependencies) = postProject
		{C4771F31-E3F2-4B8D-8FF0-B19532107052} = {C4771F31-E3F2-4B8D-8FF0-B19532107052}
		{F02B9770-9B63-4544-AA6F-0B21DFA6222D} = {F02B9770-9B63-4544-AA6F-0B21DFA6222D}
		{7144B6A8-38C2-4B6D-8D0C-10A44F7D959F} = {7144B6A8-38C2-4B6D-8D0C-10A44F7D959F}
		{9E02B3C0-B0A2-4A92-A68D-313A71BA3F16} = {9E02B3C0-B0A2-4A92-A68D-313A71BA3F16}
	EndProjectSection
EndProject
Project("{FAE04EC0-301F-11D3-BF4B-00C04F79EFBC}") = "beRemote.Services.PluginDirectory.Library", "Services\beRemote.Services.PluginDirectory.Library\beRemote.Services.PluginDirectory.Library.csproj", "{493CF59E-282A-4B28-B4EC-52F14C6DBB94}"
EndProject
Project("{2150E333-8FDC-42A3-9474-1A3956D46DE8}") = "Plugins", "Plugins", "{DD05E552-159E-4A29-B8DF-CAD8F5B1D7B5}"
EndProject
Project("{FAE04EC0-301F-11D3-BF4B-00C04F79EFBC}") = "beRemote.VendorPlugins.PluginDirectory", "GUI\Plugins\beRemote.VendorPlugins.PluginDirectory\beRemote.VendorPlugins.PluginDirectory.csproj", "{0C032BAD-E004-40CA-91C7-072BA94FB6D0}"
	ProjectSection(ProjectDependencies) = postProject
		{F778BF03-DD4D-4DD2-93B5-34AA94449151} = {F778BF03-DD4D-4DD2-93B5-34AA94449151}
		{C4771F31-E3F2-4B8D-8FF0-B19532107052} = {C4771F31-E3F2-4B8D-8FF0-B19532107052}
		{46568E82-D11E-484C-9C4E-6DB7C489E1D4} = {46568E82-D11E-484C-9C4E-6DB7C489E1D4}
		{74BA6693-5818-4FE5-88FB-21367F5FF8FB} = {74BA6693-5818-4FE5-88FB-21367F5FF8FB}
		{493CF59E-282A-4B28-B4EC-52F14C6DBB94} = {493CF59E-282A-4B28-B4EC-52F14C6DBB94}
		{9E02B3C0-B0A2-4A92-A68D-313A71BA3F16} = {9E02B3C0-B0A2-4A92-A68D-313A71BA3F16}
		{4E8175CA-A4FD-4E08-A6AE-12B40EBDCD2E} = {4E8175CA-A4FD-4E08-A6AE-12B40EBDCD2E}
	EndProjectSection
EndProject
Project("{FAE04EC0-301F-11D3-BF4B-00C04F79EFBC}") = "beRemote.VendorProtocols.HyperVManager", "Core\ProtocolSystem\VendorProtocols\beRemote.VendorProtocols.HyperVManager\beRemote.VendorProtocols.HyperVManager.csproj", "{D47D6B35-4A37-4C36-A0AF-72B0DBF849D9}"
	ProjectSection(ProjectDependencies) = postProject
		{9E02B3C0-B0A2-4A92-A68D-313A71BA3F16} = {9E02B3C0-B0A2-4A92-A68D-313A71BA3F16}
	EndProjectSection
EndProject
Project("{FAE04EC0-301F-11D3-BF4B-00C04F79EFBC}") = "beRemote.Core.Common.PluginBase", "Core\Common\beRemote.Core.Common.PluginBase\beRemote.Core.Common.PluginBase.csproj", "{74BA6693-5818-4FE5-88FB-21367F5FF8FB}"
EndProject
Project("{FAE04EC0-301F-11D3-BF4B-00C04F79EFBC}") = "beRemote.Services.WebService", "Services\beRemote.Services.WebService\beRemote.Services.WebService.csproj", "{14747090-BEE3-4EE9-A5AC-345882B1F513}"
EndProject
Project("{2150E333-8FDC-42A3-9474-1A3956D46DE8}") = "ServiceLib", "ServiceLib", "{0724B395-EF63-4FEF-8E87-C8006416EBC5}"
EndProject
Project("{FAE04EC0-301F-11D3-BF4B-00C04F79EFBC}") = "beRemote.Services.ServiceLib.Classes", "Services\ServiceLib\beRemote.Services.ServiceLib.Classes\beRemote.Services.ServiceLib.Classes.csproj", "{8CDD4387-B021-483A-8DC5-4944CF5471CF}"
EndProject
Project("{FAE04EC0-301F-11D3-BF4B-00C04F79EFBC}") = "beRemote.Services.VendorServices.PluginDirectoryService", "Services\ServiceLib\beRemote.Services.VendorServices.PluginDirectoryService\beRemote.Services.VendorServices.PluginDirectoryService.csproj", "{918A1F80-DEB0-4A68-9665-0770FBF4EF39}"
	ProjectSection(ProjectDependencies) = postProject
		{493CF59E-282A-4B28-B4EC-52F14C6DBB94} = {493CF59E-282A-4B28-B4EC-52F14C6DBB94}
	EndProjectSection
EndProject
Project("{FAE04EC0-301F-11D3-BF4B-00C04F79EFBC}") = "beRemote.Core.Common.Vpn", "Core\Common\beRemote.Core.Common.Vpn\beRemote.Core.Common.Vpn.csproj", "{3B85208F-88BA-4F69-8001-94CE58EF0971}"
	ProjectSection(ProjectDependencies) = postProject
		{831B8F1A-7618-4E03-BC7D-9AC4A5BA56D2} = {831B8F1A-7618-4E03-BC7D-9AC4A5BA56D2}
		{7144B6A8-38C2-4B6D-8D0C-10A44F7D959F} = {7144B6A8-38C2-4B6D-8D0C-10A44F7D959F}
		{9E02B3C0-B0A2-4A92-A68D-313A71BA3F16} = {9E02B3C0-B0A2-4A92-A68D-313A71BA3F16}
	EndProjectSection
EndProject
Project("{FAE04EC0-301F-11D3-BF4B-00C04F79EFBC}") = "beRemote.Core.Definitions", "Core\beRemote.Core.Definitions\beRemote.Core.Definitions.csproj", "{9E02B3C0-B0A2-4A92-A68D-313A71BA3F16}"
EndProject
Project("{FAE04EC0-301F-11D3-BF4B-00C04F79EFBC}") = "beRemote.GUI", "GUI\v2\beRemote.GUI\beRemote.GUI.csproj", "{17D43D01-FB9B-4EFD-8A1D-3062712DE92E}"
	ProjectSection(ProjectDependencies) = postProject
		{F778BF03-DD4D-4DD2-93B5-34AA94449151} = {F778BF03-DD4D-4DD2-93B5-34AA94449151}
		{BA0CFA0E-D72A-4422-93AB-14582A482355} = {BA0CFA0E-D72A-4422-93AB-14582A482355}
		{831B8F1A-7618-4E03-BC7D-9AC4A5BA56D2} = {831B8F1A-7618-4E03-BC7D-9AC4A5BA56D2}
		{0CCAC82B-29F5-4EF7-A1E9-54D782EEB6D3} = {0CCAC82B-29F5-4EF7-A1E9-54D782EEB6D3}
		{C4771F31-E3F2-4B8D-8FF0-B19532107052} = {C4771F31-E3F2-4B8D-8FF0-B19532107052}
		{F02B9770-9B63-4544-AA6F-0B21DFA6222D} = {F02B9770-9B63-4544-AA6F-0B21DFA6222D}
		{46568E82-D11E-484C-9C4E-6DB7C489E1D4} = {46568E82-D11E-484C-9C4E-6DB7C489E1D4}
		{3B85208F-88BA-4F69-8001-94CE58EF0971} = {3B85208F-88BA-4F69-8001-94CE58EF0971}
		{74BA6693-5818-4FE5-88FB-21367F5FF8FB} = {74BA6693-5818-4FE5-88FB-21367F5FF8FB}
		{7144B6A8-38C2-4B6D-8D0C-10A44F7D959F} = {7144B6A8-38C2-4B6D-8D0C-10A44F7D959F}
		{3583D7B3-38B5-4D1D-8A2D-69B201B98311} = {3583D7B3-38B5-4D1D-8A2D-69B201B98311}
		{9E02B3C0-B0A2-4A92-A68D-313A71BA3F16} = {9E02B3C0-B0A2-4A92-A68D-313A71BA3F16}
		{4E8175CA-A4FD-4E08-A6AE-12B40EBDCD2E} = {4E8175CA-A4FD-4E08-A6AE-12B40EBDCD2E}
		{918A9EFC-3656-4AAB-8F5C-5C4A0B5CA95C} = {918A9EFC-3656-4AAB-8F5C-5C4A0B5CA95C}
	EndProjectSection
EndProject
Project("{FAE04EC0-301F-11D3-BF4B-00C04F79EFBC}") = "beRemote.VendorPlugins.SpellHelper", "GUI\Plugins\beRemote.VendorPlugins.SpellHelper\beRemote.VendorPlugins.SpellHelper.csproj", "{C6DCEE9E-1107-4B6C-B74A-9EC2013ABA10}"
	ProjectSection(ProjectDependencies) = postProject
		{74BA6693-5818-4FE5-88FB-21367F5FF8FB} = {74BA6693-5818-4FE5-88FB-21367F5FF8FB}
		{9E02B3C0-B0A2-4A92-A68D-313A71BA3F16} = {9E02B3C0-B0A2-4A92-A68D-313A71BA3F16}
	EndProjectSection
EndProject
Project("{FAE04EC0-301F-11D3-BF4B-00C04F79EFBC}") = "beRemote.VendorPlugins.DatabaseConverter", "GUI\Plugins\beRemote.VendorPlugins.DatabaseConverter\beRemote.VendorPlugins.DatabaseConverter.csproj", "{9CE18EDE-9C1B-49C8-B3BB-F69810A8D07D}"
	ProjectSection(ProjectDependencies) = postProject
		{831B8F1A-7618-4E03-BC7D-9AC4A5BA56D2} = {831B8F1A-7618-4E03-BC7D-9AC4A5BA56D2}
		{F02B9770-9B63-4544-AA6F-0B21DFA6222D} = {F02B9770-9B63-4544-AA6F-0B21DFA6222D}
		{46568E82-D11E-484C-9C4E-6DB7C489E1D4} = {46568E82-D11E-484C-9C4E-6DB7C489E1D4}
		{74BA6693-5818-4FE5-88FB-21367F5FF8FB} = {74BA6693-5818-4FE5-88FB-21367F5FF8FB}
		{7144B6A8-38C2-4B6D-8D0C-10A44F7D959F} = {7144B6A8-38C2-4B6D-8D0C-10A44F7D959F}
		{9E02B3C0-B0A2-4A92-A68D-313A71BA3F16} = {9E02B3C0-B0A2-4A92-A68D-313A71BA3F16}
	EndProjectSection
EndProject
Project("{FAE04EC0-301F-11D3-BF4B-00C04F79EFBC}") = "beRemote.VendorProtocols.Telnet", "Core\ProtocolSystem\VendorProtocols\beRemote.VendorProtocols.Telnet\beRemote.VendorProtocols.Telnet.csproj", "{0C59DD6F-4945-4E12-9736-E0577784D9DB}"
EndProject
Project("{FAE04EC0-301F-11D3-BF4B-00C04F79EFBC}") = "beRemote.VendorProtocols.SSH", "Core\ProtocolSystem\VendorProtocols\beRemote.VendorProtocols.SSH\beRemote.VendorProtocols.SSH.csproj", "{A7EEBF1D-F624-4620-825F-64D7AE959000}"
EndProject
Global
	GlobalSection(SubversionScc) = preSolution
		Svn-Managed = True
		Manager = AnkhSVN - Subversion Support for Visual Studio
	EndGlobalSection
	GlobalSection(SolutionConfigurationPlatforms) = preSolution
		Debug|x64 = Debug|x64
		Debug|x86 = Debug|x86
		Release|x64 = Release|x64
		Release|x86 = Release|x86
	EndGlobalSection
	GlobalSection(ProjectConfigurationPlatforms) = postSolution
		{F02B9770-9B63-4544-AA6F-0B21DFA6222D}.Debug|x64.ActiveCfg = Debug|x64
		{F02B9770-9B63-4544-AA6F-0B21DFA6222D}.Debug|x64.Build.0 = Debug|x64
		{F02B9770-9B63-4544-AA6F-0B21DFA6222D}.Debug|x86.ActiveCfg = Debug|x86
		{F02B9770-9B63-4544-AA6F-0B21DFA6222D}.Debug|x86.Build.0 = Debug|x86
		{F02B9770-9B63-4544-AA6F-0B21DFA6222D}.Release|x64.ActiveCfg = Release|x64
		{F02B9770-9B63-4544-AA6F-0B21DFA6222D}.Release|x64.Build.0 = Release|x64
		{F02B9770-9B63-4544-AA6F-0B21DFA6222D}.Release|x86.ActiveCfg = Release|x86
		{F02B9770-9B63-4544-AA6F-0B21DFA6222D}.Release|x86.Build.0 = Release|x86
		{C4771F31-E3F2-4B8D-8FF0-B19532107052}.Debug|x64.ActiveCfg = Debug|x64
		{C4771F31-E3F2-4B8D-8FF0-B19532107052}.Debug|x64.Build.0 = Debug|x64
		{C4771F31-E3F2-4B8D-8FF0-B19532107052}.Debug|x86.ActiveCfg = Debug|x86
		{C4771F31-E3F2-4B8D-8FF0-B19532107052}.Debug|x86.Build.0 = Debug|x86
		{C4771F31-E3F2-4B8D-8FF0-B19532107052}.Release|x64.ActiveCfg = Release|x64
		{C4771F31-E3F2-4B8D-8FF0-B19532107052}.Release|x64.Build.0 = Release|x64
		{C4771F31-E3F2-4B8D-8FF0-B19532107052}.Release|x86.ActiveCfg = Release|x86
		{C4771F31-E3F2-4B8D-8FF0-B19532107052}.Release|x86.Build.0 = Release|x86
		{4E8175CA-A4FD-4E08-A6AE-12B40EBDCD2E}.Debug|x64.ActiveCfg = Debug|x64
		{4E8175CA-A4FD-4E08-A6AE-12B40EBDCD2E}.Debug|x64.Build.0 = Debug|x64
		{4E8175CA-A4FD-4E08-A6AE-12B40EBDCD2E}.Debug|x86.ActiveCfg = Debug|x86
		{4E8175CA-A4FD-4E08-A6AE-12B40EBDCD2E}.Debug|x86.Build.0 = Debug|x86
		{4E8175CA-A4FD-4E08-A6AE-12B40EBDCD2E}.Release|x64.ActiveCfg = Release|x64
		{4E8175CA-A4FD-4E08-A6AE-12B40EBDCD2E}.Release|x64.Build.0 = Release|x64
		{4E8175CA-A4FD-4E08-A6AE-12B40EBDCD2E}.Release|x86.ActiveCfg = Release|x86
		{4E8175CA-A4FD-4E08-A6AE-12B40EBDCD2E}.Release|x86.Build.0 = Release|x86
		{831B8F1A-7618-4E03-BC7D-9AC4A5BA56D2}.Debug|x64.ActiveCfg = Debug|x64
		{831B8F1A-7618-4E03-BC7D-9AC4A5BA56D2}.Debug|x64.Build.0 = Debug|x64
		{831B8F1A-7618-4E03-BC7D-9AC4A5BA56D2}.Debug|x86.ActiveCfg = Debug|x86
		{831B8F1A-7618-4E03-BC7D-9AC4A5BA56D2}.Debug|x86.Build.0 = Debug|x86
		{831B8F1A-7618-4E03-BC7D-9AC4A5BA56D2}.Release|x64.ActiveCfg = Release|x64
		{831B8F1A-7618-4E03-BC7D-9AC4A5BA56D2}.Release|x64.Build.0 = Release|x64
		{831B8F1A-7618-4E03-BC7D-9AC4A5BA56D2}.Release|x86.ActiveCfg = Release|x86
		{831B8F1A-7618-4E03-BC7D-9AC4A5BA56D2}.Release|x86.Build.0 = Release|x86
		{FA0D7C2B-6246-4F78-8ECE-5506AC5A0FC4}.Debug|x64.ActiveCfg = Debug|x64
		{FA0D7C2B-6246-4F78-8ECE-5506AC5A0FC4}.Debug|x64.Build.0 = Debug|x64
		{FA0D7C2B-6246-4F78-8ECE-5506AC5A0FC4}.Debug|x86.ActiveCfg = Debug|x86
		{FA0D7C2B-6246-4F78-8ECE-5506AC5A0FC4}.Debug|x86.Build.0 = Debug|x86
		{FA0D7C2B-6246-4F78-8ECE-5506AC5A0FC4}.Release|x64.ActiveCfg = Release|x64
		{FA0D7C2B-6246-4F78-8ECE-5506AC5A0FC4}.Release|x64.Build.0 = Release|x64
		{FA0D7C2B-6246-4F78-8ECE-5506AC5A0FC4}.Release|x86.ActiveCfg = Release|x86
		{FA0D7C2B-6246-4F78-8ECE-5506AC5A0FC4}.Release|x86.Build.0 = Release|x86
		{1CD0918E-960D-45C9-9CAD-071D852C79ED}.Debug|x64.ActiveCfg = Debug|x64
		{1CD0918E-960D-45C9-9CAD-071D852C79ED}.Debug|x64.Build.0 = Debug|x64
		{1CD0918E-960D-45C9-9CAD-071D852C79ED}.Debug|x86.ActiveCfg = Debug|x86
		{1CD0918E-960D-45C9-9CAD-071D852C79ED}.Debug|x86.Build.0 = Debug|x86
		{1CD0918E-960D-45C9-9CAD-071D852C79ED}.Release|x64.ActiveCfg = Release|x64
		{1CD0918E-960D-45C9-9CAD-071D852C79ED}.Release|x64.Build.0 = Release|x64
		{1CD0918E-960D-45C9-9CAD-071D852C79ED}.Release|x86.ActiveCfg = Release|x86
		{1CD0918E-960D-45C9-9CAD-071D852C79ED}.Release|x86.Build.0 = Release|x86
		{7144B6A8-38C2-4B6D-8D0C-10A44F7D959F}.Debug|x64.ActiveCfg = Debug|x64
		{7144B6A8-38C2-4B6D-8D0C-10A44F7D959F}.Debug|x64.Build.0 = Debug|x64
		{7144B6A8-38C2-4B6D-8D0C-10A44F7D959F}.Debug|x86.ActiveCfg = Debug|x86
		{7144B6A8-38C2-4B6D-8D0C-10A44F7D959F}.Debug|x86.Build.0 = Debug|x86
		{7144B6A8-38C2-4B6D-8D0C-10A44F7D959F}.Release|x64.ActiveCfg = Release|x64
		{7144B6A8-38C2-4B6D-8D0C-10A44F7D959F}.Release|x64.Build.0 = Release|x64
		{7144B6A8-38C2-4B6D-8D0C-10A44F7D959F}.Release|x86.ActiveCfg = Release|x86
		{7144B6A8-38C2-4B6D-8D0C-10A44F7D959F}.Release|x86.Build.0 = Release|x86
		{F778BF03-DD4D-4DD2-93B5-34AA94449151}.Debug|x64.ActiveCfg = Debug|x64
		{F778BF03-DD4D-4DD2-93B5-34AA94449151}.Debug|x64.Build.0 = Debug|x64
		{F778BF03-DD4D-4DD2-93B5-34AA94449151}.Debug|x86.ActiveCfg = Debug|x86
		{F778BF03-DD4D-4DD2-93B5-34AA94449151}.Debug|x86.Build.0 = Debug|x86
		{F778BF03-DD4D-4DD2-93B5-34AA94449151}.Release|x64.ActiveCfg = Release|x64
		{F778BF03-DD4D-4DD2-93B5-34AA94449151}.Release|x64.Build.0 = Release|x64
		{F778BF03-DD4D-4DD2-93B5-34AA94449151}.Release|x86.ActiveCfg = Release|x86
		{F778BF03-DD4D-4DD2-93B5-34AA94449151}.Release|x86.Build.0 = Release|x86
		{918A9EFC-3656-4AAB-8F5C-5C4A0B5CA95C}.Debug|x64.ActiveCfg = Debug|x64
		{918A9EFC-3656-4AAB-8F5C-5C4A0B5CA95C}.Debug|x64.Build.0 = Debug|x64
		{918A9EFC-3656-4AAB-8F5C-5C4A0B5CA95C}.Debug|x86.ActiveCfg = Debug|x86
		{918A9EFC-3656-4AAB-8F5C-5C4A0B5CA95C}.Debug|x86.Build.0 = Debug|x86
		{918A9EFC-3656-4AAB-8F5C-5C4A0B5CA95C}.Release|x64.ActiveCfg = Release|x64
		{918A9EFC-3656-4AAB-8F5C-5C4A0B5CA95C}.Release|x64.Build.0 = Release|x64
		{918A9EFC-3656-4AAB-8F5C-5C4A0B5CA95C}.Release|x86.ActiveCfg = Release|x86
		{918A9EFC-3656-4AAB-8F5C-5C4A0B5CA95C}.Release|x86.Build.0 = Release|x86
		{BA0CFA0E-D72A-4422-93AB-14582A482355}.Debug|x64.ActiveCfg = Debug|x64
		{BA0CFA0E-D72A-4422-93AB-14582A482355}.Debug|x64.Build.0 = Debug|x64
		{BA0CFA0E-D72A-4422-93AB-14582A482355}.Debug|x86.ActiveCfg = Debug|x86
		{BA0CFA0E-D72A-4422-93AB-14582A482355}.Debug|x86.Build.0 = Debug|x86
		{BA0CFA0E-D72A-4422-93AB-14582A482355}.Release|x64.ActiveCfg = Release|x64
		{BA0CFA0E-D72A-4422-93AB-14582A482355}.Release|x64.Build.0 = Release|x64
		{BA0CFA0E-D72A-4422-93AB-14582A482355}.Release|x86.ActiveCfg = Release|x86
		{BA0CFA0E-D72A-4422-93AB-14582A482355}.Release|x86.Build.0 = Release|x86
		{3583D7B3-38B5-4D1D-8A2D-69B201B98311}.Debug|x64.ActiveCfg = Debug|x64
		{3583D7B3-38B5-4D1D-8A2D-69B201B98311}.Debug|x64.Build.0 = Debug|x64
		{3583D7B3-38B5-4D1D-8A2D-69B201B98311}.Debug|x86.ActiveCfg = Debug|x86
		{3583D7B3-38B5-4D1D-8A2D-69B201B98311}.Debug|x86.Build.0 = Debug|x86
		{3583D7B3-38B5-4D1D-8A2D-69B201B98311}.Release|x64.ActiveCfg = Release|x64
		{3583D7B3-38B5-4D1D-8A2D-69B201B98311}.Release|x64.Build.0 = Release|x64
		{3583D7B3-38B5-4D1D-8A2D-69B201B98311}.Release|x86.ActiveCfg = Release|x86
		{3583D7B3-38B5-4D1D-8A2D-69B201B98311}.Release|x86.Build.0 = Release|x86
		{0CCAC82B-29F5-4EF7-A1E9-54D782EEB6D3}.Debug|x64.ActiveCfg = Debug|x64
		{0CCAC82B-29F5-4EF7-A1E9-54D782EEB6D3}.Debug|x64.Build.0 = Debug|x64
		{0CCAC82B-29F5-4EF7-A1E9-54D782EEB6D3}.Debug|x86.ActiveCfg = Debug|x86
		{0CCAC82B-29F5-4EF7-A1E9-54D782EEB6D3}.Debug|x86.Build.0 = Debug|x86
		{0CCAC82B-29F5-4EF7-A1E9-54D782EEB6D3}.Release|x64.ActiveCfg = Release|x64
		{0CCAC82B-29F5-4EF7-A1E9-54D782EEB6D3}.Release|x64.Build.0 = Release|x64
		{0CCAC82B-29F5-4EF7-A1E9-54D782EEB6D3}.Release|x86.ActiveCfg = Release|x86
		{0CCAC82B-29F5-4EF7-A1E9-54D782EEB6D3}.Release|x86.Build.0 = Release|x86
		{9091677B-AD62-4B0C-A248-66C0EA4E8684}.Debug|x64.ActiveCfg = Debug|x64
		{9091677B-AD62-4B0C-A248-66C0EA4E8684}.Debug|x64.Build.0 = Debug|x64
		{9091677B-AD62-4B0C-A248-66C0EA4E8684}.Debug|x86.ActiveCfg = Debug|x86
		{9091677B-AD62-4B0C-A248-66C0EA4E8684}.Debug|x86.Build.0 = Debug|x86
		{9091677B-AD62-4B0C-A248-66C0EA4E8684}.Release|x64.ActiveCfg = Release|x64
		{9091677B-AD62-4B0C-A248-66C0EA4E8684}.Release|x64.Build.0 = Release|x64
		{9091677B-AD62-4B0C-A248-66C0EA4E8684}.Release|x86.ActiveCfg = Release|x86
		{9091677B-AD62-4B0C-A248-66C0EA4E8684}.Release|x86.Build.0 = Release|x86
		{7BF4496C-BE30-492D-A2A3-E85B326233B6}.Debug|x64.ActiveCfg = Debug|x64
		{7BF4496C-BE30-492D-A2A3-E85B326233B6}.Debug|x64.Build.0 = Debug|x64
		{7BF4496C-BE30-492D-A2A3-E85B326233B6}.Debug|x86.ActiveCfg = Debug|x86
		{7BF4496C-BE30-492D-A2A3-E85B326233B6}.Debug|x86.Build.0 = Debug|x86
		{7BF4496C-BE30-492D-A2A3-E85B326233B6}.Release|x64.ActiveCfg = Release|x64
		{7BF4496C-BE30-492D-A2A3-E85B326233B6}.Release|x64.Build.0 = Release|x64
		{7BF4496C-BE30-492D-A2A3-E85B326233B6}.Release|x86.ActiveCfg = Release|x86
		{7BF4496C-BE30-492D-A2A3-E85B326233B6}.Release|x86.Build.0 = Release|x86
		{46568E82-D11E-484C-9C4E-6DB7C489E1D4}.Debug|x64.ActiveCfg = Debug|x64
		{46568E82-D11E-484C-9C4E-6DB7C489E1D4}.Debug|x64.Build.0 = Debug|x64
		{46568E82-D11E-484C-9C4E-6DB7C489E1D4}.Debug|x86.ActiveCfg = Debug|x86
		{46568E82-D11E-484C-9C4E-6DB7C489E1D4}.Debug|x86.Build.0 = Debug|x86
		{46568E82-D11E-484C-9C4E-6DB7C489E1D4}.Release|x64.ActiveCfg = Release|x64
		{46568E82-D11E-484C-9C4E-6DB7C489E1D4}.Release|x64.Build.0 = Release|x64
		{46568E82-D11E-484C-9C4E-6DB7C489E1D4}.Release|x86.ActiveCfg = Release|x86
		{46568E82-D11E-484C-9C4E-6DB7C489E1D4}.Release|x86.Build.0 = Release|x86
		{86D15335-3799-4D8E-8ACA-0484D5187B58}.Debug|x64.ActiveCfg = Debug|x64
		{86D15335-3799-4D8E-8ACA-0484D5187B58}.Debug|x64.Build.0 = Debug|x64
		{86D15335-3799-4D8E-8ACA-0484D5187B58}.Debug|x86.ActiveCfg = Debug|x86
		{86D15335-3799-4D8E-8ACA-0484D5187B58}.Debug|x86.Build.0 = Debug|x86
		{86D15335-3799-4D8E-8ACA-0484D5187B58}.Release|x64.ActiveCfg = Release|x64
		{86D15335-3799-4D8E-8ACA-0484D5187B58}.Release|x64.Build.0 = Release|x64
		{86D15335-3799-4D8E-8ACA-0484D5187B58}.Release|x86.ActiveCfg = Release|x86
		{86D15335-3799-4D8E-8ACA-0484D5187B58}.Release|x86.Build.0 = Release|x86
		{EB6B22D1-FB97-42D1-81D3-906FC3F96E4A}.Debug|x64.ActiveCfg = Debug|x64
		{EB6B22D1-FB97-42D1-81D3-906FC3F96E4A}.Debug|x64.Build.0 = Debug|x64
		{EB6B22D1-FB97-42D1-81D3-906FC3F96E4A}.Debug|x86.ActiveCfg = Debug|x86
		{EB6B22D1-FB97-42D1-81D3-906FC3F96E4A}.Debug|x86.Build.0 = Debug|x86
		{EB6B22D1-FB97-42D1-81D3-906FC3F96E4A}.Release|x64.ActiveCfg = Release|x64
		{EB6B22D1-FB97-42D1-81D3-906FC3F96E4A}.Release|x64.Build.0 = Release|x64
		{EB6B22D1-FB97-42D1-81D3-906FC3F96E4A}.Release|x86.ActiveCfg = Release|x86
		{EB6B22D1-FB97-42D1-81D3-906FC3F96E4A}.Release|x86.Build.0 = Release|x86
		{493CF59E-282A-4B28-B4EC-52F14C6DBB94}.Debug|x64.ActiveCfg = Debug|x64
		{493CF59E-282A-4B28-B4EC-52F14C6DBB94}.Debug|x64.Build.0 = Debug|x64
		{493CF59E-282A-4B28-B4EC-52F14C6DBB94}.Debug|x86.ActiveCfg = Debug|x86
		{493CF59E-282A-4B28-B4EC-52F14C6DBB94}.Debug|x86.Build.0 = Debug|x86
		{493CF59E-282A-4B28-B4EC-52F14C6DBB94}.Release|x64.ActiveCfg = Release|x64
		{493CF59E-282A-4B28-B4EC-52F14C6DBB94}.Release|x64.Build.0 = Release|x64
		{493CF59E-282A-4B28-B4EC-52F14C6DBB94}.Release|x86.ActiveCfg = Release|x86
		{493CF59E-282A-4B28-B4EC-52F14C6DBB94}.Release|x86.Build.0 = Release|x86
		{0C032BAD-E004-40CA-91C7-072BA94FB6D0}.Debug|x64.ActiveCfg = Debug|x64
		{0C032BAD-E004-40CA-91C7-072BA94FB6D0}.Debug|x64.Build.0 = Debug|x64
		{0C032BAD-E004-40CA-91C7-072BA94FB6D0}.Debug|x86.ActiveCfg = Debug|x86
		{0C032BAD-E004-40CA-91C7-072BA94FB6D0}.Debug|x86.Build.0 = Debug|x86
		{0C032BAD-E004-40CA-91C7-072BA94FB6D0}.Release|x64.ActiveCfg = Release|Any CPU
		{0C032BAD-E004-40CA-91C7-072BA94FB6D0}.Release|x86.ActiveCfg = Release|x86
		{0C032BAD-E004-40CA-91C7-072BA94FB6D0}.Release|x86.Build.0 = Release|x86
		{D47D6B35-4A37-4C36-A0AF-72B0DBF849D9}.Debug|x64.ActiveCfg = Debug|x64
		{D47D6B35-4A37-4C36-A0AF-72B0DBF849D9}.Debug|x64.Build.0 = Debug|x64
		{D47D6B35-4A37-4C36-A0AF-72B0DBF849D9}.Debug|x86.ActiveCfg = Debug|x86
		{D47D6B35-4A37-4C36-A0AF-72B0DBF849D9}.Debug|x86.Build.0 = Debug|x86
		{D47D6B35-4A37-4C36-A0AF-72B0DBF849D9}.Release|x64.ActiveCfg = Release|x64
		{D47D6B35-4A37-4C36-A0AF-72B0DBF849D9}.Release|x64.Build.0 = Release|x64
		{D47D6B35-4A37-4C36-A0AF-72B0DBF849D9}.Release|x86.ActiveCfg = Release|x86
		{D47D6B35-4A37-4C36-A0AF-72B0DBF849D9}.Release|x86.Build.0 = Release|x86
		{74BA6693-5818-4FE5-88FB-21367F5FF8FB}.Debug|x64.ActiveCfg = Debug|x64
		{74BA6693-5818-4FE5-88FB-21367F5FF8FB}.Debug|x64.Build.0 = Debug|x64
		{74BA6693-5818-4FE5-88FB-21367F5FF8FB}.Debug|x86.ActiveCfg = Debug|x86
		{74BA6693-5818-4FE5-88FB-21367F5FF8FB}.Debug|x86.Build.0 = Debug|x86
		{74BA6693-5818-4FE5-88FB-21367F5FF8FB}.Release|x64.ActiveCfg = Release|Any CPU
		{74BA6693-5818-4FE5-88FB-21367F5FF8FB}.Release|x86.ActiveCfg = Release|x86
		{74BA6693-5818-4FE5-88FB-21367F5FF8FB}.Release|x86.Build.0 = Release|x86
		{14747090-BEE3-4EE9-A5AC-345882B1F513}.Debug|x64.ActiveCfg = Debug|x64
		{14747090-BEE3-4EE9-A5AC-345882B1F513}.Debug|x64.Build.0 = Debug|x64
		{14747090-BEE3-4EE9-A5AC-345882B1F513}.Debug|x86.ActiveCfg = Debug|x86
		{14747090-BEE3-4EE9-A5AC-345882B1F513}.Debug|x86.Build.0 = Debug|x86
		{14747090-BEE3-4EE9-A5AC-345882B1F513}.Release|x64.ActiveCfg = Release|Any CPU
		{14747090-BEE3-4EE9-A5AC-345882B1F513}.Release|x86.ActiveCfg = Release|Any CPU
		{14747090-BEE3-4EE9-A5AC-345882B1F513}.Release|x86.Build.0 = Release|Any CPU
		{8CDD4387-B021-483A-8DC5-4944CF5471CF}.Debug|x64.ActiveCfg = Debug|x64
		{8CDD4387-B021-483A-8DC5-4944CF5471CF}.Debug|x64.Build.0 = Debug|x64
		{8CDD4387-B021-483A-8DC5-4944CF5471CF}.Debug|x86.ActiveCfg = Debug|x86
		{8CDD4387-B021-483A-8DC5-4944CF5471CF}.Debug|x86.Build.0 = Debug|x86
		{8CDD4387-B021-483A-8DC5-4944CF5471CF}.Release|x64.ActiveCfg = Release|Any CPU
		{8CDD4387-B021-483A-8DC5-4944CF5471CF}.Release|x86.ActiveCfg = Release|Any CPU
		{8CDD4387-B021-483A-8DC5-4944CF5471CF}.Release|x86.Build.0 = Release|Any CPU
		{918A1F80-DEB0-4A68-9665-0770FBF4EF39}.Debug|x64.ActiveCfg = Debug|x64
		{918A1F80-DEB0-4A68-9665-0770FBF4EF39}.Debug|x64.Build.0 = Debug|x64
		{918A1F80-DEB0-4A68-9665-0770FBF4EF39}.Debug|x86.ActiveCfg = Debug|x86
		{918A1F80-DEB0-4A68-9665-0770FBF4EF39}.Debug|x86.Build.0 = Debug|x86
		{918A1F80-DEB0-4A68-9665-0770FBF4EF39}.Release|x64.ActiveCfg = Release|Any CPU
		{918A1F80-DEB0-4A68-9665-0770FBF4EF39}.Release|x86.ActiveCfg = Release|Any CPU
		{918A1F80-DEB0-4A68-9665-0770FBF4EF39}.Release|x86.Build.0 = Release|Any CPU
		{3B85208F-88BA-4F69-8001-94CE58EF0971}.Debug|x64.ActiveCfg = Debug|x64
		{3B85208F-88BA-4F69-8001-94CE58EF0971}.Debug|x64.Build.0 = Debug|x64
		{3B85208F-88BA-4F69-8001-94CE58EF0971}.Debug|x86.ActiveCfg = Debug|x86
		{3B85208F-88BA-4F69-8001-94CE58EF0971}.Debug|x86.Build.0 = Debug|x86
		{3B85208F-88BA-4F69-8001-94CE58EF0971}.Release|x64.ActiveCfg = Release|Any CPU
		{3B85208F-88BA-4F69-8001-94CE58EF0971}.Release|x86.ActiveCfg = Release|Any CPU
		{9E02B3C0-B0A2-4A92-A68D-313A71BA3F16}.Debug|x64.ActiveCfg = Debug|x64
		{9E02B3C0-B0A2-4A92-A68D-313A71BA3F16}.Debug|x64.Build.0 = Debug|x64
		{9E02B3C0-B0A2-4A92-A68D-313A71BA3F16}.Debug|x86.ActiveCfg = Debug|x86
		{9E02B3C0-B0A2-4A92-A68D-313A71BA3F16}.Debug|x86.Build.0 = Debug|x86
		{9E02B3C0-B0A2-4A92-A68D-313A71BA3F16}.Release|x64.ActiveCfg = Release|Any CPU
		{9E02B3C0-B0A2-4A92-A68D-313A71BA3F16}.Release|x86.ActiveCfg = Release|Any CPU
		{17D43D01-FB9B-4EFD-8A1D-3062712DE92E}.Debug|x64.ActiveCfg = Debug|x64
		{17D43D01-FB9B-4EFD-8A1D-3062712DE92E}.Debug|x64.Build.0 = Debug|x64
		{17D43D01-FB9B-4EFD-8A1D-3062712DE92E}.Debug|x86.ActiveCfg = Debug|x86
		{17D43D01-FB9B-4EFD-8A1D-3062712DE92E}.Debug|x86.Build.0 = Debug|x86
		{17D43D01-FB9B-4EFD-8A1D-3062712DE92E}.Release|x64.ActiveCfg = Release|x64
		{17D43D01-FB9B-4EFD-8A1D-3062712DE92E}.Release|x64.Build.0 = Release|x64
		{17D43D01-FB9B-4EFD-8A1D-3062712DE92E}.Release|x86.ActiveCfg = Release|x86
		{17D43D01-FB9B-4EFD-8A1D-3062712DE92E}.Release|x86.Build.0 = Release|x86
		{C6DCEE9E-1107-4B6C-B74A-9EC2013ABA10}.Debug|x64.ActiveCfg = Debug|x64
		{C6DCEE9E-1107-4B6C-B74A-9EC2013ABA10}.Debug|x64.Build.0 = Debug|x64
		{C6DCEE9E-1107-4B6C-B74A-9EC2013ABA10}.Debug|x86.ActiveCfg = Debug|x86
		{C6DCEE9E-1107-4B6C-B74A-9EC2013ABA10}.Debug|x86.Build.0 = Debug|x86
		{C6DCEE9E-1107-4B6C-B74A-9EC2013ABA10}.Release|x64.ActiveCfg = Release|Any CPU
		{C6DCEE9E-1107-4B6C-B74A-9EC2013ABA10}.Release|x86.ActiveCfg = Release|Any CPU
		{9CE18EDE-9C1B-49C8-B3BB-F69810A8D07D}.Debug|x64.ActiveCfg = Debug|x64
		{9CE18EDE-9C1B-49C8-B3BB-F69810A8D07D}.Debug|x64.Build.0 = Debug|x64
		{9CE18EDE-9C1B-49C8-B3BB-F69810A8D07D}.Debug|x86.ActiveCfg = Debug|x86
		{9CE18EDE-9C1B-49C8-B3BB-F69810A8D07D}.Debug|x86.Build.0 = Debug|x86
		{9CE18EDE-9C1B-49C8-B3BB-F69810A8D07D}.Release|x64.ActiveCfg = Release|Any CPU
		{9CE18EDE-9C1B-49C8-B3BB-F69810A8D07D}.Release|x86.ActiveCfg = Release|Any CPU
		{0C59DD6F-4945-4E12-9736-E0577784D9DB}.Debug|x64.ActiveCfg = Debug|x64
		{0C59DD6F-4945-4E12-9736-E0577784D9DB}.Debug|x64.Build.0 = Debug|x64
		{0C59DD6F-4945-4E12-9736-E0577784D9DB}.Debug|x86.ActiveCfg = Debug|x86
		{0C59DD6F-4945-4E12-9736-E0577784D9DB}.Debug|x86.Build.0 = Debug|x86
		{0C59DD6F-4945-4E12-9736-E0577784D9DB}.Release|x64.ActiveCfg = Release|Any CPU
		{0C59DD6F-4945-4E12-9736-E0577784D9DB}.Release|x86.ActiveCfg = Release|Any CPU
		{A7EEBF1D-F624-4620-825F-64D7AE959000}.Debug|x64.ActiveCfg = Debug|x64
		{A7EEBF1D-F624-4620-825F-64D7AE959000}.Debug|x64.Build.0 = Debug|x64
		{A7EEBF1D-F624-4620-825F-64D7AE959000}.Debug|x86.ActiveCfg = Debug|x86
		{A7EEBF1D-F624-4620-825F-64D7AE959000}.Debug|x86.Build.0 = Debug|x86
		{A7EEBF1D-F624-4620-825F-64D7AE959000}.Release|x64.ActiveCfg = Release|Any CPU
		{A7EEBF1D-F624-4620-825F-64D7AE959000}.Release|x86.ActiveCfg = Release|Any CPU
	EndGlobalSection
	GlobalSection(SolutionProperties) = preSolution
		HideSolutionNode = FALSE
	EndGlobalSection
	GlobalSection(NestedProjects) = preSolution
		{12B3739E-E60D-46DA-B005-7A957F0BB295} = {40B9835C-AD49-4E32-A3F0-CC0DDAF78F94}
		{6EC6632A-D9C4-4C92-83A3-94469C9F74C9} = {40B9835C-AD49-4E32-A3F0-CC0DDAF78F94}
		{F4DFCE5D-769A-432F-8563-C293B04753B8} = {6EC6632A-D9C4-4C92-83A3-94469C9F74C9}
		{38DE785C-5D84-421B-9E47-9EA97D556BC6} = {40B9835C-AD49-4E32-A3F0-CC0DDAF78F94}
		{422CA033-686C-4F3E-9FF3-F9E4E6D33A84} = {38DE785C-5D84-421B-9E47-9EA97D556BC6}
		{F02B9770-9B63-4544-AA6F-0B21DFA6222D} = {12B3739E-E60D-46DA-B005-7A957F0BB295}
		{C4771F31-E3F2-4B8D-8FF0-B19532107052} = {6EC6632A-D9C4-4C92-83A3-94469C9F74C9}
		{4E8175CA-A4FD-4E08-A6AE-12B40EBDCD2E} = {12B3739E-E60D-46DA-B005-7A957F0BB295}
		{831B8F1A-7618-4E03-BC7D-9AC4A5BA56D2} = {38DE785C-5D84-421B-9E47-9EA97D556BC6}
		{FA0D7C2B-6246-4F78-8ECE-5506AC5A0FC4} = {422CA033-686C-4F3E-9FF3-F9E4E6D33A84}
		{1CD0918E-960D-45C9-9CAD-071D852C79ED} = {F4DFCE5D-769A-432F-8563-C293B04753B8}
		{7144B6A8-38C2-4B6D-8D0C-10A44F7D959F} = {12B3739E-E60D-46DA-B005-7A957F0BB295}
		{F778BF03-DD4D-4DD2-93B5-34AA94449151} = {40B9835C-AD49-4E32-A3F0-CC0DDAF78F94}
		{918A9EFC-3656-4AAB-8F5C-5C4A0B5CA95C} = {D3377699-DBB3-42BE-A5C9-8636F2ED9E6E}
		{BA0CFA0E-D72A-4422-93AB-14582A482355} = {12B3739E-E60D-46DA-B005-7A957F0BB295}
		{787DC8DC-68EA-435D-BF56-AD92D7A89FF7} = {40B9835C-AD49-4E32-A3F0-CC0DDAF78F94}
		{3583D7B3-38B5-4D1D-8A2D-69B201B98311} = {787DC8DC-68EA-435D-BF56-AD92D7A89FF7}
		{0CCAC82B-29F5-4EF7-A1E9-54D782EEB6D3} = {D3377699-DBB3-42BE-A5C9-8636F2ED9E6E}
		{6EBF5302-4401-431D-A153-3F5606813C05} = {40B9835C-AD49-4E32-A3F0-CC0DDAF78F94}
		{9091677B-AD62-4B0C-A248-66C0EA4E8684} = {6EBF5302-4401-431D-A153-3F5606813C05}
		{7BF4496C-BE30-492D-A2A3-E85B326233B6} = {F4DFCE5D-769A-432F-8563-C293B04753B8}
		{46568E82-D11E-484C-9C4E-6DB7C489E1D4} = {D3377699-DBB3-42BE-A5C9-8636F2ED9E6E}
		{86D15335-3799-4D8E-8ACA-0484D5187B58} = {F4DFCE5D-769A-432F-8563-C293B04753B8}
		{EB6B22D1-FB97-42D1-81D3-906FC3F96E4A} = {F4DFCE5D-769A-432F-8563-C293B04753B8}
		{493CF59E-282A-4B28-B4EC-52F14C6DBB94} = {57DED155-B44D-4DAC-8F7D-1026E5F8E665}
		{DD05E552-159E-4A29-B8DF-CAD8F5B1D7B5} = {D3377699-DBB3-42BE-A5C9-8636F2ED9E6E}
		{0C032BAD-E004-40CA-91C7-072BA94FB6D0} = {DD05E552-159E-4A29-B8DF-CAD8F5B1D7B5}
		{D47D6B35-4A37-4C36-A0AF-72B0DBF849D9} = {F4DFCE5D-769A-432F-8563-C293B04753B8}
		{74BA6693-5818-4FE5-88FB-21367F5FF8FB} = {12B3739E-E60D-46DA-B005-7A957F0BB295}
		{14747090-BEE3-4EE9-A5AC-345882B1F513} = {57DED155-B44D-4DAC-8F7D-1026E5F8E665}
		{0724B395-EF63-4FEF-8E87-C8006416EBC5} = {57DED155-B44D-4DAC-8F7D-1026E5F8E665}
		{8CDD4387-B021-483A-8DC5-4944CF5471CF} = {0724B395-EF63-4FEF-8E87-C8006416EBC5}
		{918A1F80-DEB0-4A68-9665-0770FBF4EF39} = {0724B395-EF63-4FEF-8E87-C8006416EBC5}
		{3B85208F-88BA-4F69-8001-94CE58EF0971} = {12B3739E-E60D-46DA-B005-7A957F0BB295}
		{9E02B3C0-B0A2-4A92-A68D-313A71BA3F16} = {40B9835C-AD49-4E32-A3F0-CC0DDAF78F94}
		{17D43D01-FB9B-4EFD-8A1D-3062712DE92E} = {D3377699-DBB3-42BE-A5C9-8636F2ED9E6E}
		{C6DCEE9E-1107-4B6C-B74A-9EC2013ABA10} = {DD05E552-159E-4A29-B8DF-CAD8F5B1D7B5}
		{9CE18EDE-9C1B-49C8-B3BB-F69810A8D07D} = {DD05E552-159E-4A29-B8DF-CAD8F5B1D7B5}
		{0C59DD6F-4945-4E12-9736-E0577784D9DB} = {F4DFCE5D-769A-432F-8563-C293B04753B8}
		{A7EEBF1D-F624-4620-825F-64D7AE959000} = {F4DFCE5D-769A-432F-8563-C293B04753B8}
	EndGlobalSection
EndGlobal
